<?xml version="1.0" encoding="UTF-8" standalone="yes" ?>
<CodeBlocks_project_file>
	<FileVersion major="1" minor="6" />
	<Project>
		<Option title="cloth-simulator" />
		<Option pch_mode="2" />
		<Option compiler="gcc" />
		<Build>
			<Target title="Debug">
				<Option output="cloth-simulator" prefix_auto="1" extension_auto="1" />
				<Option working_dir="../../src/cloth-simulator" />
				<Option object_output="Debug" />
				<Option type="1" />
				<Option compiler="gcc" />
				<Option parameters="../../data/bunny.obj" />
				<Compiler>
					<Add option="-D_DEBUG" />
					<Add option="-D_CONSOLE" />
					<Add option="-D_USE_MATH_DEFINES" />
					<Add option="-W" />
					<Add option="-g" />
					<Add option="-O0" />
				</Compiler>
			</Target>
			<Target title="Release">
				<Option output="cloth-simulator" prefix_auto="1" extension_auto="1" />
				<Option working_dir="../../src/cloth-simulator" />
				<Option object_output="Release" />
				<Option type="1" />
				<Option compiler="gcc" />
				<Option parameters="../../data/bunny.obj" />
				<Compiler>
					<Add option="-DNDEBUG" />
					<Add option="-D_CONSOLE" />
					<Add option="-D_USE_MATH_DEFINES" />
					<Add option="-W" />
				</Compiler>
			</Target>
		</Build>
		<Compiler>
			<Add option="-Wno-sign-compare" />
		</Compiler>
		<Linker>
			<Add library="glut" />
			<Add library="GLEW" />
			<Add library="GL" />
		</Linker>
		<Unit filename="../../src/cloth-simulator/ClothViewer.cpp" />
		<Unit filename="../../src/cloth-simulator/ClothViewer.h" />
		<Unit filename="../../src/cloth-simulator/MassElement.cpp" />
		<Unit filename="../../src/cloth-simulator/main.cpp" />
		<Unit filename="../../src/gl/Camera3D.h" />
		<Unit filename="../../src/gl/GlutViewer.cpp" />
		<Unit filename="../../src/gl/GlutViewer.h" />
		<Unit filename="../../src/gl/Light3D.h" />
		<Unit filename="../../src/gl/Mesh3D.cpp" />
		<Unit filename="../../src/gl/Mesh3D.h" />
		<Unit filename="../../src/gl/Object3D.h" />
		<Unit filename="../../src/gl/TrackballViewer.cpp" />
		<Unit filename="../../src/gl/TrackballViewer.h" />
		<Unit filename="../../src/gl/fbo.cpp" />
		<Unit filename="../../src/gl/fbo.h" />
		<Unit filename="../../src/gl/gl.h" />
		<Unit filename="../../src/gl/shader.cpp" />
		<Unit filename="../../src/gl/shader.h" />
		<Unit filename="../../src/gl/texture.cpp" />
		<Unit filename="../../src/gl/texture.h" />
		<Unit filename="../../src/math/Matrix4.h" />
		<Unit filename="../../src/math/Vector2.h" />
		<Unit filename="../../src/math/Vector3.h" />
		<Unit filename="../../src/math/Vector4.h" />
		<Unit filename="../../src/utils/Mesh3DReader.h" />
		<Unit filename="../../src/utils/StopWatch.h" />
		<Extensions>
			<code_completion />
			<debugger />
		</Extensions>
	</Project>
</CodeBlocks_project_file>
